PODS:
  - PickerTextField (1.1.2)

DEPENDENCIES:
  - PickerTextField (from `../../PickerTextField`)

EXTERNAL SOURCES:
  PickerTextField:
    :path: "../../PickerTextField"

SPEC CHECKSUMS:
  PickerTextField: 6ec4321b70e3af0a71544e2c1ca9463abf3b8940

PODFILE CHECKSUM: 3a0ed46b42a18223d004869a4a47c96929ed2638

COCOAPODS: 1.5.2
