PODS:
  - PickerTextField (1.2.2)

DEPENDENCIES:
  - PickerTextField (from `../../PickerTextField`)

EXTERNAL SOURCES:
  PickerTextField:
    :path: "../../PickerTextField"

SPEC CHECKSUMS:
  PickerTextField: 2c72fbe7551796ee2992d4d2061b7f68241b2939

PODFILE CHECKSUM: 3a0ed46b42a18223d004869a4a47c96929ed2638

COCOAPODS: 1.5.2
