PODS:
  - PickerTextField (1.2.0)

DEPENDENCIES:
  - PickerTextField (from `../../PickerTextField`)

EXTERNAL SOURCES:
  PickerTextField:
    :path: "../../PickerTextField"

SPEC CHECKSUMS:
  PickerTextField: d09695e5b045653f3f27cb9ced52b447cb717bf7

PODFILE CHECKSUM: 3a0ed46b42a18223d004869a4a47c96929ed2638

COCOAPODS: 1.5.2
