// !$*UTF8*$!
{
	archiveVersion = 1;
	classes = {
	};
	objectVersion = 50;
	objects = {

/* Begin PBXBuildFile section */
		068565DF34CEC1A5A7FB3710 /* Pods_ExamplePickerTextFieldTests.framework in Frameworks */ = {isa = PBXBuildFile; fileRef = D4ECB76D7C477B9930304B23 /* Pods_ExamplePickerTextFieldTests.framework */; };
		0740FD52B43258E5439858EE /* Pods_ExamplePickerTextField.framework in Frameworks */ = {isa = PBXBuildFile; fileRef = C52F38ACDA5ABC7324507880 /* Pods_ExamplePickerTextField.framework */; };
		131C39CB23D0A958951B3D7B /* Pods_ExamplePickerTextFieldUITests.framework in Frameworks */ = {isa = PBXBuildFile; fileRef = F9B75F9C94E60C2B7573BC1E /* Pods_ExamplePickerTextFieldUITests.framework */; };
		6CE387F620AF2CFB0036EB08 /* AppDelegate.swift in Sources */ = {isa = PBXBuildFile; fileRef = 6CE387F520AF2CFB0036EB08 /* AppDelegate.swift */; };
		6CE387F820AF2CFB0036EB08 /* ViewController.swift in Sources */ = {isa = PBXBuildFile; fileRef = 6CE387F720AF2CFB0036EB08 /* ViewController.swift */; };
		6CE387FB20AF2CFB0036EB08 /* Main.storyboard in Resources */ = {isa = PBXBuildFile; fileRef = 6CE387F920AF2CFB0036EB08 /* Main.storyboard */; };
		6CE387FD20AF2CFB0036EB08 /* Assets.xcassets in Resources */ = {isa = PBXBuildFile; fileRef = 6CE387FC20AF2CFB0036EB08 /* Assets.xcassets */; };
		6CE3880020AF2CFB0036EB08 /* LaunchScreen.storyboard in Resources */ = {isa = PBXBuildFile; fileRef = 6CE387FE20AF2CFB0036EB08 /* LaunchScreen.storyboard */; };
		6CE3880B20AF2CFB0036EB08 /* ExamplePickerTextFieldTests.swift in Sources */ = {isa = PBXBuildFile; fileRef = 6CE3880A20AF2CFB0036EB08 /* ExamplePickerTextFieldTests.swift */; };
		6CE3881620AF2CFC0036EB08 /* ExamplePickerTextFieldUITests.swift in Sources */ = {isa = PBXBuildFile; fileRef = 6CE3881520AF2CFC0036EB08 /* ExamplePickerTextFieldUITests.swift */; };
/* End PBXBuildFile section */

/* Begin PBXContainerItemProxy section */
		6CE3880720AF2CFB0036EB08 /* PBXContainerItemProxy */ = {
			isa = PBXContainerItemProxy;
			containerPortal = 6CE387EA20AF2CFB0036EB08 /* Project object */;
			proxyType = 1;
			remoteGlobalIDString = 6CE387F120AF2CFB0036EB08;
			remoteInfo = ExamplePickerTextField;
		};
		6CE3881220AF2CFC0036EB08 /* PBXContainerItemProxy */ = {
			isa = PBXContainerItemProxy;
			containerPortal = 6CE387EA20AF2CFB0036EB08 /* Project object */;
			proxyType = 1;
			remoteGlobalIDString = 6CE387F120AF2CFB0036EB08;
			remoteInfo = ExamplePickerTextField;
		};
/* End PBXContainerItemProxy section */

/* Begin PBXFileReference section */
		60787A2D1338CC75EC3B7698 /* Pods-ExamplePickerTextFieldUITests.release.xcconfig */ = {isa = PBXFileReference; includeInIndex = 1; lastKnownFileType = text.xcconfig; name = "Pods-ExamplePickerTextFieldUITests.release.xcconfig"; path = "Pods/Target Support Files/Pods-ExamplePickerTextFieldUITests/Pods-ExamplePickerTextFieldUITests.release.xcconfig"; sourceTree = "<group>"; };
		6BACDB4224AE895AB103C5A8 /* Pods-ExamplePickerTextField.debug.xcconfig */ = {isa = PBXFileReference; includeInIndex = 1; lastKnownFileType = text.xcconfig; name = "Pods-ExamplePickerTextField.debug.xcconfig"; path = "Pods/Target Support Files/Pods-ExamplePickerTextField/Pods-ExamplePickerTextField.debug.xcconfig"; sourceTree = "<group>"; };
		6CE387F220AF2CFB0036EB08 /* ExamplePickerTextField.app */ = {isa = PBXFileReference; explicitFileType = wrapper.application; includeInIndex = 0; path = ExamplePickerTextField.app; sourceTree = BUILT_PRODUCTS_DIR; };
		6CE387F520AF2CFB0036EB08 /* AppDelegate.swift */ = {isa = PBXFileReference; lastKnownFileType = sourcecode.swift; path = AppDelegate.swift; sourceTree = "<group>"; };
		6CE387F720AF2CFB0036EB08 /* ViewController.swift */ = {isa = PBXFileReference; lastKnownFileType = sourcecode.swift; path = ViewController.swift; sourceTree = "<group>"; };
		6CE387FA20AF2CFB0036EB08 /* Base */ = {isa = PBXFileReference; lastKnownFileType = file.storyboard; name = Base; path = Base.lproj/Main.storyboard; sourceTree = "<group>"; };
		6CE387FC20AF2CFB0036EB08 /* Assets.xcassets */ = {isa = PBXFileReference; lastKnownFileType = folder.assetcatalog; path = Assets.xcassets; sourceTree = "<group>"; };
		6CE387FF20AF2CFB0036EB08 /* Base */ = {isa = PBXFileReference; lastKnownFileType = file.storyboard; name = Base; path = Base.lproj/LaunchScreen.storyboard; sourceTree = "<group>"; };
		6CE3880120AF2CFB0036EB08 /* Info.plist */ = {isa = PBXFileReference; lastKnownFileType = text.plist.xml; path = Info.plist; sourceTree = "<group>"; };
		6CE3880620AF2CFB0036EB08 /* ExamplePickerTextFieldTests.xctest */ = {isa = PBXFileReference; explicitFileType = wrapper.cfbundle; includeInIndex = 0; path = ExamplePickerTextFieldTests.xctest; sourceTree = BUILT_PRODUCTS_DIR; };
		6CE3880A20AF2CFB0036EB08 /* ExamplePickerTextFieldTests.swift */ = {isa = PBXFileReference; lastKnownFileType = sourcecode.swift; path = ExamplePickerTextFieldTests.swift; sourceTree = "<group>"; };
		6CE3880C20AF2CFC0036EB08 /* Info.plist */ = {isa = PBXFileReference; lastKnownFileType = text.plist.xml; path = Info.plist; sourceTree = "<group>"; };
		6CE3881120AF2CFC0036EB08 /* ExamplePickerTextFieldUITests.xctest */ = {isa = PBXFileReference; explicitFileType = wrapper.cfbundle; includeInIndex = 0; path = ExamplePickerTextFieldUITests.xctest; sourceTree = BUILT_PRODUCTS_DIR; };
		6CE3881520AF2CFC0036EB08 /* ExamplePickerTextFieldUITests.swift */ = {isa = PBXFileReference; lastKnownFileType = sourcecode.swift; path = ExamplePickerTextFieldUITests.swift; sourceTree = "<group>"; };
		6CE3881720AF2CFC0036EB08 /* Info.plist */ = {isa = PBXFileReference; lastKnownFileType = text.plist.xml; path = Info.plist; sourceTree = "<group>"; };
		C52F38ACDA5ABC7324507880 /* Pods_ExamplePickerTextField.framework */ = {isa = PBXFileReference; explicitFileType = wrapper.framework; includeInIndex = 0; path = Pods_ExamplePickerTextField.framework; sourceTree = BUILT_PRODUCTS_DIR; };
		D4ECB76D7C477B9930304B23 /* Pods_ExamplePickerTextFieldTests.framework */ = {isa = PBXFileReference; explicitFileType = wrapper.framework; includeInIndex = 0; path = Pods_ExamplePickerTextFieldTests.framework; sourceTree = BUILT_PRODUCTS_DIR; };
		D55512EA259F5F23F53B0822 /* Pods-ExamplePickerTextFieldTests.debug.xcconfig */ = {isa = PBXFileReference; includeInIndex = 1; lastKnownFileType = text.xcconfig; name = "Pods-ExamplePickerTextFieldTests.debug.xcconfig"; path = "Pods/Target Support Files/Pods-ExamplePickerTextFieldTests/Pods-ExamplePickerTextFieldTests.debug.xcconfig"; sourceTree = "<group>"; };
		D9BD6B504DAFD52BAB0CDBDE /* Pods-ExamplePickerTextFieldTests.release.xcconfig */ = {isa = PBXFileReference; includeInIndex = 1; lastKnownFileType = text.xcconfig; name = "Pods-ExamplePickerTextFieldTests.release.xcconfig"; path = "Pods/Target Support Files/Pods-ExamplePickerTextFieldTests/Pods-ExamplePickerTextFieldTests.release.xcconfig"; sourceTree = "<group>"; };
		E062C584977B219D85933504 /* Pods-ExamplePickerTextFieldUITests.debug.xcconfig */ = {isa = PBXFileReference; includeInIndex = 1; lastKnownFileType = text.xcconfig; name = "Pods-ExamplePickerTextFieldUITests.debug.xcconfig"; path = "Pods/Target Support Files/Pods-ExamplePickerTextFieldUITests/Pods-ExamplePickerTextFieldUITests.debug.xcconfig"; sourceTree = "<group>"; };
		E90235383ACF15CB12DE828B /* Pods-ExamplePickerTextField.release.xcconfig */ = {isa = PBXFileReference; includeInIndex = 1; lastKnownFileType = text.xcconfig; name = "Pods-ExamplePickerTextField.release.xcconfig"; path = "Pods/Target Support Files/Pods-ExamplePickerTextField/Pods-ExamplePickerTextField.release.xcconfig"; sourceTree = "<group>"; };
		F9B75F9C94E60C2B7573BC1E /* Pods_ExamplePickerTextFieldUITests.framework */ = {isa = PBXFileReference; explicitFileType = wrapper.framework; includeInIndex = 0; path = Pods_ExamplePickerTextFieldUITests.framework; sourceTree = BUILT_PRODUCTS_DIR; };
/* End PBXFileReference section */

/* Begin PBXFrameworksBuildPhase section */
		6CE387EF20AF2CFB0036EB08 /* Frameworks */ = {
			isa = PBXFrameworksBuildPhase;
			buildActionMask = 2147483647;
			files = (
				0740FD52B43258E5439858EE /* Pods_ExamplePickerTextField.framework in Frameworks */,
			);
			runOnlyForDeploymentPostprocessing = 0;
		};
		6CE3880320AF2CFB0036EB08 /* Frameworks */ = {
			isa = PBXFrameworksBuildPhase;
			buildActionMask = 2147483647;
			files = (
				068565DF34CEC1A5A7FB3710 /* Pods_ExamplePickerTextFieldTests.framework in Frameworks */,
			);
			runOnlyForDeploymentPostprocessing = 0;
		};
		6CE3880E20AF2CFC0036EB08 /* Frameworks */ = {
			isa = PBXFrameworksBuildPhase;
			buildActionMask = 2147483647;
			files = (
				131C39CB23D0A958951B3D7B /* Pods_ExamplePickerTextFieldUITests.framework in Frameworks */,
			);
			runOnlyForDeploymentPostprocessing = 0;
		};
/* End PBXFrameworksBuildPhase section */

/* Begin PBXGroup section */
		0516DE58E69E46942201938B /* Pods */ = {
			isa = PBXGroup;
			children = (
				6BACDB4224AE895AB103C5A8 /* Pods-ExamplePickerTextField.debug.xcconfig */,
				E90235383ACF15CB12DE828B /* Pods-ExamplePickerTextField.release.xcconfig */,
				D55512EA259F5F23F53B0822 /* Pods-ExamplePickerTextFieldTests.debug.xcconfig */,
				D9BD6B504DAFD52BAB0CDBDE /* Pods-ExamplePickerTextFieldTests.release.xcconfig */,
				E062C584977B219D85933504 /* Pods-ExamplePickerTextFieldUITests.debug.xcconfig */,
				60787A2D1338CC75EC3B7698 /* Pods-ExamplePickerTextFieldUITests.release.xcconfig */,
			);
			name = Pods;
			sourceTree = "<group>";
		};
		4BA66F51F0DB40E79B3A4AC1 /* Frameworks */ = {
			isa = PBXGroup;
			children = (
				C52F38ACDA5ABC7324507880 /* Pods_ExamplePickerTextField.framework */,
				D4ECB76D7C477B9930304B23 /* Pods_ExamplePickerTextFieldTests.framework */,
				F9B75F9C94E60C2B7573BC1E /* Pods_ExamplePickerTextFieldUITests.framework */,
			);
			name = Frameworks;
			sourceTree = "<group>";
		};
		6CE387E920AF2CFB0036EB08 = {
			isa = PBXGroup;
			children = (
				6CE387F420AF2CFB0036EB08 /* ExamplePickerTextField */,
				6CE3880920AF2CFB0036EB08 /* ExamplePickerTextFieldTests */,
				6CE3881420AF2CFC0036EB08 /* ExamplePickerTextFieldUITests */,
				6CE387F320AF2CFB0036EB08 /* Products */,
				0516DE58E69E46942201938B /* Pods */,
				4BA66F51F0DB40E79B3A4AC1 /* Frameworks */,
			);
			sourceTree = "<group>";
		};
		6CE387F320AF2CFB0036EB08 /* Products */ = {
			isa = PBXGroup;
			children = (
				6CE387F220AF2CFB0036EB08 /* ExamplePickerTextField.app */,
				6CE3880620AF2CFB0036EB08 /* ExamplePickerTextFieldTests.xctest */,
				6CE3881120AF2CFC0036EB08 /* ExamplePickerTextFieldUITests.xctest */,
			);
			name = Products;
			sourceTree = "<group>";
		};
		6CE387F420AF2CFB0036EB08 /* ExamplePickerTextField */ = {
			isa = PBXGroup;
			children = (
				6CE387F520AF2CFB0036EB08 /* AppDelegate.swift */,
				6CE387F720AF2CFB0036EB08 /* ViewController.swift */,
				6CE387F920AF2CFB0036EB08 /* Main.storyboard */,
				6CE387FC20AF2CFB0036EB08 /* Assets.xcassets */,
				6CE387FE20AF2CFB0036EB08 /* LaunchScreen.storyboard */,
				6CE3880120AF2CFB0036EB08 /* Info.plist */,
			);
			path = ExamplePickerTextField;
			sourceTree = "<group>";
		};
		6CE3880920AF2CFB0036EB08 /* ExamplePickerTextFieldTests */ = {
			isa = PBXGroup;
			children = (
				6CE3880A20AF2CFB0036EB08 /* ExamplePickerTextFieldTests.swift */,
				6CE3880C20AF2CFC0036EB08 /* Info.plist */,
			);
			path = ExamplePickerTextFieldTests;
			sourceTree = "<group>";
		};
		6CE3881420AF2CFC0036EB08 /* ExamplePickerTextFieldUITests */ = {
			isa = PBXGroup;
			children = (
				6CE3881520AF2CFC0036EB08 /* ExamplePickerTextFieldUITests.swift */,
				6CE3881720AF2CFC0036EB08 /* Info.plist */,
			);
			path = ExamplePickerTextFieldUITests;
			sourceTree = "<group>";
		};
/* End PBXGroup section */

/* Begin PBXNativeTarget section */
		6CE387F120AF2CFB0036EB08 /* ExamplePickerTextField */ = {
			isa = PBXNativeTarget;
			buildConfigurationList = 6CE3881A20AF2CFC0036EB08 /* Build configuration list for PBXNativeTarget "ExamplePickerTextField" */;
			buildPhases = (
				D01BE9ECAAF6CD96B6E54F8C /* [CP] Check Pods Manifest.lock */,
				6CE387EE20AF2CFB0036EB08 /* Sources */,
				6CE387EF20AF2CFB0036EB08 /* Frameworks */,
				6CE387F020AF2CFB0036EB08 /* Resources */,
				3C2099FC7A6590C1F09BC4C1 /* [CP] Embed Pods Frameworks */,
			);
			buildRules = (
			);
			dependencies = (
			);
			name = ExamplePickerTextField;
			productName = ExamplePickerTextField;
			productReference = 6CE387F220AF2CFB0036EB08 /* ExamplePickerTextField.app */;
			productType = "com.apple.product-type.application";
		};
		6CE3880520AF2CFB0036EB08 /* ExamplePickerTextFieldTests */ = {
			isa = PBXNativeTarget;
			buildConfigurationList = 6CE3881D20AF2CFC0036EB08 /* Build configuration list for PBXNativeTarget "ExamplePickerTextFieldTests" */;
			buildPhases = (
				E3CC79677201F21C39A95DD9 /* [CP] Check Pods Manifest.lock */,
				6CE3880220AF2CFB0036EB08 /* Sources */,
				6CE3880320AF2CFB0036EB08 /* Frameworks */,
				6CE3880420AF2CFB0036EB08 /* Resources */,
			);
			buildRules = (
			);
			dependencies = (
				6CE3880820AF2CFB0036EB08 /* PBXTargetDependency */,
			);
			name = ExamplePickerTextFieldTests;
			productName = ExamplePickerTextFieldTests;
			productReference = 6CE3880620AF2CFB0036EB08 /* ExamplePickerTextFieldTests.xctest */;
			productType = "com.apple.product-type.bundle.unit-test";
		};
		6CE3881020AF2CFC0036EB08 /* ExamplePickerTextFieldUITests */ = {
			isa = PBXNativeTarget;
			buildConfigurationList = 6CE3882020AF2CFC0036EB08 /* Build configuration list for PBXNativeTarget "ExamplePickerTextFieldUITests" */;
			buildPhases = (
				9B54E95CC6E17BA3212168A3 /* [CP] Check Pods Manifest.lock */,
				6CE3880D20AF2CFC0036EB08 /* Sources */,
				6CE3880E20AF2CFC0036EB08 /* Frameworks */,
				6CE3880F20AF2CFC0036EB08 /* Resources */,
			);
			buildRules = (
			);
			dependencies = (
				6CE3881320AF2CFC0036EB08 /* PBXTargetDependency */,
			);
			name = ExamplePickerTextFieldUITests;
			productName = ExamplePickerTextFieldUITests;
			productReference = 6CE3881120AF2CFC0036EB08 /* ExamplePickerTextFieldUITests.xctest */;
			productType = "com.apple.product-type.bundle.ui-testing";
		};
/* End PBXNativeTarget section */

/* Begin PBXProject section */
		6CE387EA20AF2CFB0036EB08 /* Project object */ = {
			isa = PBXProject;
			attributes = {
				LastSwiftUpdateCheck = 0930;
				LastUpgradeCheck = 0930;
				ORGANIZATIONNAME = Nestarneal;
				TargetAttributes = {
					6CE387F120AF2CFB0036EB08 = {
						CreatedOnToolsVersion = 9.3;
					};
					6CE3880520AF2CFB0036EB08 = {
						CreatedOnToolsVersion = 9.3;
						TestTargetID = 6CE387F120AF2CFB0036EB08;
					};
					6CE3881020AF2CFC0036EB08 = {
						CreatedOnToolsVersion = 9.3;
						TestTargetID = 6CE387F120AF2CFB0036EB08;
					};
				};
			};
			buildConfigurationList = 6CE387ED20AF2CFB0036EB08 /* Build configuration list for PBXProject "ExamplePickerTextField" */;
			compatibilityVersion = "Xcode 9.3";
			developmentRegion = en;
			hasScannedForEncodings = 0;
			knownRegions = (
				en,
				Base,
			);
			mainGroup = 6CE387E920AF2CFB0036EB08;
			productRefGroup = 6CE387F320AF2CFB0036EB08 /* Products */;
			projectDirPath = "";
			projectRoot = "";
			targets = (
				6CE387F120AF2CFB0036EB08 /* ExamplePickerTextField */,
				6CE3880520AF2CFB0036EB08 /* ExamplePickerTextFieldTests */,
				6CE3881020AF2CFC0036EB08 /* ExamplePickerTextFieldUITests */,
			);
		};
/* End PBXProject section */

/* Begin PBXResourcesBuildPhase section */
		6CE387F020AF2CFB0036EB08 /* Resources */ = {
			isa = PBXResourcesBuildPhase;
			buildActionMask = 2147483647;
			files = (
				6CE3880020AF2CFB0036EB08 /* LaunchScreen.storyboard in Resources */,
				6CE387FD20AF2CFB0036EB08 /* Assets.xcassets in Resources */,
				6CE387FB20AF2CFB0036EB08 /* Main.storyboard in Resources */,
			);
			runOnlyForDeploymentPostprocessing = 0;
		};
		6CE3880420AF2CFB0036EB08 /* Resources */ = {
			isa = PBXResourcesBuildPhase;
			buildActionMask = 2147483647;
			files = (
			);
			runOnlyForDeploymentPostprocessing = 0;
		};
		6CE3880F20AF2CFC0036EB08 /* Resources */ = {
			isa = PBXResourcesBuildPhase;
			buildActionMask = 2147483647;
			files = (
			);
			runOnlyForDeploymentPostprocessing = 0;
		};
/* End PBXResourcesBuildPhase section */

/* Begin PBXShellScriptBuildPhase section */
		3C2099FC7A6590C1F09BC4C1 /* [CP] Embed Pods Frameworks */ = {
			isa = PBXShellScriptBuildPhase;
			buildActionMask = 2147483647;
			files = (
			);
			inputPaths = (
				"${SRCROOT}/Pods/Target Support Files/Pods-ExamplePickerTextField/Pods-ExamplePickerTextField-frameworks.sh",
				"${BUILT_PRODUCTS_DIR}/PickerTextField/PickerTextField.framework",
			);
			name = "[CP] Embed Pods Frameworks";
			outputPaths = (
				"${TARGET_BUILD_DIR}/${FRAMEWORKS_FOLDER_PATH}/PickerTextField.framework",
			);
			runOnlyForDeploymentPostprocessing = 0;
			shellPath = /bin/sh;
			shellScript = "\"${SRCROOT}/Pods/Target Support Files/Pods-ExamplePickerTextField/Pods-ExamplePickerTextField-frameworks.sh\"\n";
			showEnvVarsInLog = 0;
		};
		9B54E95CC6E17BA3212168A3 /* [CP] Check Pods Manifest.lock */ = {
			isa = PBXShellScriptBuildPhase;
			buildActionMask = 2147483647;
			files = (
			);
			inputPaths = (
				"${PODS_PODFILE_DIR_PATH}/Podfile.lock",
				"${PODS_ROOT}/Manifest.lock",
			);
			name = "[CP] Check Pods Manifest.lock";
			outputPaths = (
				"$(DERIVED_FILE_DIR)/Pods-ExamplePickerTextFieldUITests-checkManifestLockResult.txt",
			);
			runOnlyForDeploymentPostprocessing = 0;
			shellPath = /bin/sh;
			shellScript = "diff \"${PODS_PODFILE_DIR_PATH}/Podfile.lock\" \"${PODS_ROOT}/Manifest.lock\" > /dev/null\nif [ $? != 0 ] ; then\n    # print error to STDERR\n    echo \"error: The sandbox is not in sync with the Podfile.lock. Run 'pod install' or update your CocoaPods installation.\" >&2\n    exit 1\nfi\n# This output is used by Xcode 'outputs' to avoid re-running this script phase.\necho \"SUCCESS\" > \"${SCRIPT_OUTPUT_FILE_0}\"\n";
			showEnvVarsInLog = 0;
		};
		D01BE9ECAAF6CD96B6E54F8C /* [CP] Check Pods Manifest.lock */ = {
			isa = PBXShellScriptBuildPhase;
			buildActionMask = 2147483647;
			files = (
			);
			inputPaths = (
				"${PODS_PODFILE_DIR_PATH}/Podfile.lock",
				"${PODS_ROOT}/Manifest.lock",
			);
			name = "[CP] Check Pods Manifest.lock";
			outputPaths = (
				"$(DERIVED_FILE_DIR)/Pods-ExamplePickerTextField-checkManifestLockResult.txt",
			);
			runOnlyForDeploymentPostprocessing = 0;
			shellPath = /bin/sh;
			shellScript = "diff \"${PODS_PODFILE_DIR_PATH}/Podfile.lock\" \"${PODS_ROOT}/Manifest.lock\" > /dev/null\nif [ $? != 0 ] ; then\n    # print error to STDERR\n    echo \"error: The sandbox is not in sync with the Podfile.lock. Run 'pod install' or update your CocoaPods installation.\" >&2\n    exit 1\nfi\n# This output is used by Xcode 'outputs' to avoid re-running this script phase.\necho \"SUCCESS\" > \"${SCRIPT_OUTPUT_FILE_0}\"\n";
			showEnvVarsInLog = 0;
		};
		E3CC79677201F21C39A95DD9 /* [CP] Check Pods Manifest.lock */ = {
			isa = PBXShellScriptBuildPhase;
			buildActionMask = 2147483647;
			files = (
			);
			inputPaths = (
				"${PODS_PODFILE_DIR_PATH}/Podfile.lock",
				"${PODS_ROOT}/Manifest.lock",
			);
			name = "[CP] Check Pods Manifest.lock";
			outputPaths = (
				"$(DERIVED_FILE_DIR)/Pods-ExamplePickerTextFieldTests-checkManifestLockResult.txt",
			);
			runOnlyForDeploymentPostprocessing = 0;
			shellPath = /bin/sh;
			shellScript = "diff \"${PODS_PODFILE_DIR_PATH}/Podfile.lock\" \"${PODS_ROOT}/Manifest.lock\" > /dev/null\nif [ $? != 0 ] ; then\n    # print error to STDERR\n    echo \"error: The sandbox is not in sync with the Podfile.lock. Run 'pod install' or update your CocoaPods installation.\" >&2\n    exit 1\nfi\n# This output is used by Xcode 'outputs' to avoid re-running this script phase.\necho \"SUCCESS\" > \"${SCRIPT_OUTPUT_FILE_0}\"\n";
			showEnvVarsInLog = 0;
		};
/* End PBXShellScriptBuildPhase section */

/* Begin PBXSourcesBuildPhase section */
		6CE387EE20AF2CFB0036EB08 /* Sources */ = {
			isa = PBXSourcesBuildPhase;
			buildActionMask = 2147483647;
			files = (
				6CE387F820AF2CFB0036EB08 /* ViewController.swift in Sources */,
				6CE387F620AF2CFB0036EB08 /* AppDelegate.swift in Sources */,
			);
			runOnlyForDeploymentPostprocessing = 0;
		};
		6CE3880220AF2CFB0036EB08 /* Sources */ = {
			isa = PBXSourcesBuildPhase;
			buildActionMask = 2147483647;
			files = (
				6CE3880B20AF2CFB0036EB08 /* ExamplePickerTextFieldTests.swift in Sources */,
			);
			runOnlyForDeploymentPostprocessing = 0;
		};
		6CE3880D20AF2CFC0036EB08 /* Sources */ = {
			isa = PBXSourcesBuildPhase;
			buildActionMask = 2147483647;
			files = (
				6CE3881620AF2CFC0036EB08 /* ExamplePickerTextFieldUITests.swift in Sources */,
			);
			runOnlyForDeploymentPostprocessing = 0;
		};
/* End PBXSourcesBuildPhase section */

/* Begin PBXTargetDependency section */
		6CE3880820AF2CFB0036EB08 /* PBXTargetDependency */ = {
			isa = PBXTargetDependency;
			target = 6CE387F120AF2CFB0036EB08 /* ExamplePickerTextField */;
			targetProxy = 6CE3880720AF2CFB0036EB08 /* PBXContainerItemProxy */;
		};
		6CE3881320AF2CFC0036EB08 /* PBXTargetDependency */ = {
			isa = PBXTargetDependency;
			target = 6CE387F120AF2CFB0036EB08 /* ExamplePickerTextField */;
			targetProxy = 6CE3881220AF2CFC0036EB08 /* PBXContainerItemProxy */;
		};
/* End PBXTargetDependency section */

/* Begin PBXVariantGroup section */
		6CE387F920AF2CFB0036EB08 /* Main.storyboard */ = {
			isa = PBXVariantGroup;
			children = (
				6CE387FA20AF2CFB0036EB08 /* Base */,
			);
			name = Main.storyboard;
			sourceTree = "<group>";
		};
		6CE387FE20AF2CFB0036EB08 /* LaunchScreen.storyboard */ = {
			isa = PBXVariantGroup;
			children = (
				6CE387FF20AF2CFB0036EB08 /* Base */,
			);
			name = LaunchScreen.storyboard;
			sourceTree = "<group>";
		};
/* End PBXVariantGroup section */

/* Begin XCBuildConfiguration section */
		6CE3881820AF2CFC0036EB08 /* Debug */ = {
			isa = XCBuildConfiguration;
			buildSettings = {
				ALWAYS_SEARCH_USER_PATHS = NO;
				CLANG_ANALYZER_NONNULL = YES;
				CLANG_ANALYZER_NUMBER_OBJECT_CONVERSION = YES_AGGRESSIVE;
				CLANG_CXX_LANGUAGE_STANDARD = "gnu++14";
				CLANG_CXX_LIBRARY = "libc++";
				CLANG_ENABLE_MODULES = YES;
				CLANG_ENABLE_OBJC_ARC = YES;
				CLANG_ENABLE_OBJC_WEAK = YES;
				CLANG_WARN_BLOCK_CAPTURE_AUTORELEASING = YES;
				CLANG_WARN_BOOL_CONVERSION = YES;
				CLANG_WARN_COMMA = YES;
				CLANG_WARN_CONSTANT_CONVERSION = YES;
				CLANG_WARN_DEPRECATED_OBJC_IMPLEMENTATIONS = YES;
				CLANG_WARN_DIRECT_OBJC_ISA_USAGE = YES_ERROR;
				CLANG_WARN_DOCUMENTATION_COMMENTS = YES;
				CLANG_WARN_EMPTY_BODY = YES;
				CLANG_WARN_ENUM_CONVERSION = YES;
				CLANG_WARN_INFINITE_RECURSION = YES;
				CLANG_WARN_INT_CONVERSION = YES;
				CLANG_WARN_NON_LITERAL_NULL_CONVERSION = YES;
				CLANG_WARN_OBJC_IMPLICIT_RETAIN_SELF = YES;
				CLANG_WARN_OBJC_LITERAL_CONVERSION = YES;
				CLANG_WARN_OBJC_ROOT_CLASS = YES_ERROR;
				CLANG_WARN_RANGE_LOOP_ANALYSIS = YES;
				CLANG_WARN_STRICT_PROTOTYPES = YES;
				CLANG_WARN_SUSPICIOUS_MOVE = YES;
				CLANG_WARN_UNGUARDED_AVAILABILITY = YES_AGGRESSIVE;
				CLANG_WARN_UNREACHABLE_CODE = YES;
				CLANG_WARN__DUPLICATE_METHOD_MATCH = YES;
				CODE_SIGN_IDENTITY = "iPhone Developer";
				COPY_PHASE_STRIP = NO;
				DEBUG_INFORMATION_FORMAT = dwarf;
				ENABLE_STRICT_OBJC_MSGSEND = YES;
				ENABLE_TESTABILITY = YES;
				GCC_C_LANGUAGE_STANDARD = gnu11;
				GCC_DYNAMIC_NO_PIC = NO;
				GCC_NO_COMMON_BLOCKS = YES;
				GCC_OPTIMIZATION_LEVEL = 0;
				GCC_PREPROCESSOR_DEFINITIONS = (
					"DEBUG=1",
					"$(inherited)",
				);
				GCC_WARN_64_TO_32_BIT_CONVERSION = YES;
				GCC_WARN_ABOUT_RETURN_TYPE = YES_ERROR;
				GCC_WARN_UNDECLARED_SELECTOR = YES;
				GCC_WARN_UNINITIALIZED_AUTOS = YES_AGGRESSIVE;
				GCC_WARN_UNUSED_FUNCTION = YES;
				GCC_WARN_UNUSED_VARIABLE = YES;
				IPHONEOS_DEPLOYMENT_TARGET = 11.3;
				MTL_ENABLE_DEBUG_INFO = YES;
				ONLY_ACTIVE_ARCH = YES;
				SDKROOT = iphoneos;
				SWIFT_ACTIVE_COMPILATION_CONDITIONS = DEBUG;
				SWIFT_OPTIMIZATION_LEVEL = "-Onone";
			};
			name = Debug;
		};
		6CE3881920AF2CFC0036EB08 /* Release */ = {
			isa = XCBuildConfiguration;
			buildSettings = {
				ALWAYS_SEARCH_USER_PATHS = NO;
				CLANG_ANALYZER_NONNULL = YES;
				CLANG_ANALYZER_NUMBER_OBJECT_CONVERSION = YES_AGGRESSIVE;
				CLANG_CXX_LANGUAGE_STANDARD = "gnu++14";
				CLANG_CXX_LIBRARY = "libc++";
				CLANG_ENABLE_MODULES = YES;
				CLANG_ENABLE_OBJC_ARC = YES;
				CLANG_ENABLE_OBJC_WEAK = YES;
				CLANG_WARN_BLOCK_CAPTURE_AUTORELEASING = YES;
				CLANG_WARN_BOOL_CONVERSION = YES;
				CLANG_WARN_COMMA = YES;
				CLANG_WARN_CONSTANT_CONVERSION = YES;
				CLANG_WARN_DEPRECATED_OBJC_IMPLEMENTATIONS = YES;
				CLANG_WARN_DIRECT_OBJC_ISA_USAGE = YES_ERROR;
				CLANG_WARN_DOCUMENTATION_COMMENTS = YES;
				CLANG_WARN_EMPTY_BODY = YES;
				CLANG_WARN_ENUM_CONVERSION = YES;
				CLANG_WARN_INFINITE_RECURSION = YES;
				CLANG_WARN_INT_CONVERSION = YES;
				CLANG_WARN_NON_LITERAL_NULL_CONVERSION = YES;
				CLANG_WARN_OBJC_IMPLICIT_RETAIN_SELF = YES;
				CLANG_WARN_OBJC_LITERAL_CONVERSION = YES;
				CLANG_WARN_OBJC_ROOT_CLASS = YES_ERROR;
				CLANG_WARN_RANGE_LOOP_ANALYSIS = YES;
				CLANG_WARN_STRICT_PROTOTYPES = YES;
				CLANG_WARN_SUSPICIOUS_MOVE = YES;
				CLANG_WARN_UNGUARDED_AVAILABILITY = YES_AGGRESSIVE;
				CLANG_WARN_UNREACHABLE_CODE = YES;
				CLANG_WARN__DUPLICATE_METHOD_MATCH = YES;
				CODE_SIGN_IDENTITY = "iPhone Developer";
				COPY_PHASE_STRIP = NO;
				DEBUG_INFORMATION_FORMAT = "dwarf-with-dsym";
				ENABLE_NS_ASSERTIONS = NO;
				ENABLE_STRICT_OBJC_MSGSEND = YES;
				GCC_C_LANGUAGE_STANDARD = gnu11;
				GCC_NO_COMMON_BLOCKS = YES;
				GCC_WARN_64_TO_32_BIT_CONVERSION = YES;
				GCC_WARN_ABOUT_RETURN_TYPE = YES_ERROR;
				GCC_WARN_UNDECLARED_SELECTOR = YES;
				GCC_WARN_UNINITIALIZED_AUTOS = YES_AGGRESSIVE;
				GCC_WARN_UNUSED_FUNCTION = YES;
				GCC_WARN_UNUSED_VARIABLE = YES;
				IPHONEOS_DEPLOYMENT_TARGET = 11.3;
				MTL_ENABLE_DEBUG_INFO = NO;
				SDKROOT = iphoneos;
				SWIFT_COMPILATION_MODE = wholemodule;
				SWIFT_OPTIMIZATION_LEVEL = "-O";
				VALIDATE_PRODUCT = YES;
			};
			name = Release;
		};
		6CE3881B20AF2CFC0036EB08 /* Debug */ = {
			isa = XCBuildConfiguration;
			baseConfigurationReference = 6BACDB4224AE895AB103C5A8 /* Pods-ExamplePickerTextField.debug.xcconfig */;
			buildSettings = {
				ASSETCATALOG_COMPILER_APPICON_NAME = AppIcon;
				CODE_SIGN_STYLE = Automatic;
				INFOPLIST_FILE = ExamplePickerTextField/Info.plist;
				LD_RUNPATH_SEARCH_PATHS = (
					"$(inherited)",
					"@executable_path/Frameworks",
				);
				PRODUCT_BUNDLE_IDENTIFIER = com.nestarneal.ExamplePickerTextField;
				PRODUCT_NAME = "$(TARGET_NAME)";
				SWIFT_VERSION = 4.0;
				TARGETED_DEVICE_FAMILY = "1,2";
			};
			name = Debug;
		};
		6CE3881C20AF2CFC0036EB08 /* Release */ = {
			isa = XCBuildConfiguration;
			baseConfigurationReference = E90235383ACF15CB12DE828B /* Pods-ExamplePickerTextField.release.xcconfig */;
			buildSettings = {
				ASSETCATALOG_COMPILER_APPICON_NAME = AppIcon;
				CODE_SIGN_STYLE = Automatic;
				INFOPLIST_FILE = ExamplePickerTextField/Info.plist;
				LD_RUNPATH_SEARCH_PATHS = (
					"$(inherited)",
					"@executable_path/Frameworks",
				);
				PRODUCT_BUNDLE_IDENTIFIER = com.nestarneal.ExamplePickerTextField;
				PRODUCT_NAME = "$(TARGET_NAME)";
				SWIFT_VERSION = 4.0;
				TARGETED_DEVICE_FAMILY = "1,2";
			};
			name = Release;
		};
		6CE3881E20AF2CFC0036EB08 /* Debug */ = {
			isa = XCBuildConfiguration;
			baseConfigurationReference = D55512EA259F5F23F53B0822 /* Pods-ExamplePickerTextFieldTests.debug.xcconfig */;
			buildSettings = {
				ALWAYS_EMBED_SWIFT_STANDARD_LIBRARIES = YES;
				BUNDLE_LOADER = "$(TEST_HOST)";
				CODE_SIGN_STYLE = Automatic;
				INFOPLIST_FILE = ExamplePickerTextFieldTests/Info.plist;
				LD_RUNPATH_SEARCH_PATHS = (
					"$(inherited)",
					"@executable_path/Frameworks",
					"@loader_path/Frameworks",
				);
				PRODUCT_BUNDLE_IDENTIFIER = com.nestarneal.ExamplePickerTextFieldTests;
				PRODUCT_NAME = "$(TARGET_NAME)";
				SWIFT_VERSION = 4.0;
				TARGETED_DEVICE_FAMILY = "1,2";
				TEST_HOST = "$(BUILT_PRODUCTS_DIR)/ExamplePickerTextField.app/ExamplePickerTextField";
			};
			name = Debug;
		};
		6CE3881F20AF2CFC0036EB08 /* Release */ = {
			isa = XCBuildConfiguration;
			baseConfigurationReference = D9BD6B504DAFD52BAB0CDBDE /* Pods-ExamplePickerTextFieldTests.release.xcconfig */;
			buildSettings = {
				ALWAYS_EMBED_SWIFT_STANDARD_LIBRARIES = YES;
				BUNDLE_LOADER = "$(TEST_HOST)";
				CODE_SIGN_STYLE = Automatic;
				INFOPLIST_FILE = ExamplePickerTextFieldTests/Info.plist;
				LD_RUNPATH_SEARCH_PATHS = (
					"$(inherited)",
					"@executable_path/Frameworks",
					"@loader_path/Frameworks",
				);
				PRODUCT_BUNDLE_IDENTIFIER = com.nestarneal.ExamplePickerTextFieldTests;
				PRODUCT_NAME = "$(TARGET_NAME)";
				SWIFT_VERSION = 4.0;
				TARGETED_DEVICE_FAMILY = "1,2";
				TEST_HOST = "$(BUILT_PRODUCTS_DIR)/ExamplePickerTextField.app/ExamplePickerTextField";
			};
			name = Release;
		};
		6CE3882120AF2CFC0036EB08 /* Debug */ = {
			isa = XCBuildConfiguration;
			baseConfigurationReference = E062C584977B219D85933504 /* Pods-ExamplePickerTextFieldUITests.debug.xcconfig */;
			buildSettings = {
				ALWAYS_EMBED_SWIFT_STANDARD_LIBRARIES = YES;
				CODE_SIGN_STYLE = Automatic;
				INFOPLIST_FILE = ExamplePickerTextFieldUITests/Info.plist;
				LD_RUNPATH_SEARCH_PATHS = (
					"$(inherited)",
					"@executable_path/Frameworks",
					"@loader_path/Frameworks",
				);
				PRODUCT_BUNDLE_IDENTIFIER = com.nestarneal.ExamplePickerTextFieldUITests;
				PRODUCT_NAME = "$(TARGET_NAME)";
				SWIFT_VERSION = 4.0;
				TARGETED_DEVICE_FAMILY = "1,2";
				TEST_TARGET_NAME = ExamplePickerTextField;
			};
			name = Debug;
		};
		6CE3882220AF2CFC0036EB08 /* Release */ = {
			isa = XCBuildConfiguration;
			baseConfigurationReference = 60787A2D1338CC75EC3B7698 /* Pods-ExamplePickerTextFieldUITests.release.xcconfig */;
			buildSettings = {
				ALWAYS_EMBED_SWIFT_STANDARD_LIBRARIES = YES;
				CODE_SIGN_STYLE = Automatic;
				INFOPLIST_FILE = ExamplePickerTextFieldUITests/Info.plist;
				LD_RUNPATH_SEARCH_PATHS = (
					"$(inherited)",
					"@executable_path/Frameworks",
					"@loader_path/Frameworks",
				);
				PRODUCT_BUNDLE_IDENTIFIER = com.nestarneal.ExamplePickerTextFieldUITests;
				PRODUCT_NAME = "$(TARGET_NAME)";
				SWIFT_VERSION = 4.0;
				TARGETED_DEVICE_FAMILY = "1,2";
				TEST_TARGET_NAME = ExamplePickerTextField;
			};
			name = Release;
		};
/* End XCBuildConfiguration section */

/* Begin XCConfigurationList section */
		6CE387ED20AF2CFB0036EB08 /* Build configuration list for PBXProject "ExamplePickerTextField" */ = {
			isa = XCConfigurationList;
			buildConfigurations = (
				6CE3881820AF2CFC0036EB08 /* Debug */,
				6CE3881920AF2CFC0036EB08 /* Release */,
			);
			defaultConfigurationIsVisible = 0;
			defaultConfigurationName = Release;
		};
		6CE3881A20AF2CFC0036EB08 /* Build configuration list for PBXNativeTarget "ExamplePickerTextField" */ = {
			isa = XCConfigurationList;
			buildConfigurations = (
				6CE3881B20AF2CFC0036EB08 /* Debug */,
				6CE3881C20AF2CFC0036EB08 /* Release */,
			);
			defaultConfigurationIsVisible = 0;
			defaultConfigurationName = Release;
		};
		6CE3881D20AF2CFC0036EB08 /* Build configuration list for PBXNativeTarget "ExamplePickerTextFieldTests" */ = {
			isa = XCConfigurationList;
			buildConfigurations = (
				6CE3881E20AF2CFC0036EB08 /* Debug */,
				6CE3881F20AF2CFC0036EB08 /* Release */,
			);
			defaultConfigurationIsVisible = 0;
			defaultConfigurationName = Release;
		};
		6CE3882020AF2CFC0036EB08 /* Build configuration list for PBXNativeTarget "ExamplePickerTextFieldUITests" */ = {
			isa = XCConfigurationList;
			buildConfigurations = (
				6CE3882120AF2CFC0036EB08 /* Debug */,
				6CE3882220AF2CFC0036EB08 /* Release */,
			);
			defaultConfigurationIsVisible = 0;
			defaultConfigurationName = Release;
		};
/* End XCConfigurationList section */
	};
	rootObject = 6CE387EA20AF2CFB0036EB08 /* Project object */;
}
